
Microsoft Visual Studio Solution File, Format Version 12.00
# Visual Studio Version 16
VisualStudioVersion = 16.0.30320.27
MinimumVisualStudioVersion = 10.0.40219.1
Project("{888888A0-9F3D-457C-B088-3A5042F75D52}") = "WebCrawlerPyRJ", "WebCrawlerPyRJ\WebCrawlerPyRJ.pyproj", "{95DFEF4F-2D31-4244-BF02-DEF09BD050E1}"
EndProject
Global
	GlobalSection(SolutionConfigurationPlatforms) = preSolution
		Debug|Any CPU = Debug|Any CPU
		Release|Any CPU = Release|Any CPU
	EndGlobalSection
	GlobalSection(ProjectConfigurationPlatforms) = postSolution
		{95DFEF4F-2D31-4244-BF02-DEF09BD050E1}.Debug|Any CPU.ActiveCfg = Debug|Any CPU
		{95DFEF4F-2D31-4244-BF02-DEF09BD050E1}.Release|Any CPU.ActiveCfg = Release|Any CPU
	EndGlobalSection
	GlobalSection(SolutionProperties) = preSolution
		HideSolutionNode = FALSE
	EndGlobalSection
	GlobalSection(ExtensibilityGlobals) = postSolution
		SolutionGuid = {A1D4FDD6-DD6A-417F-BA0D-29D09A73CC78}
	EndGlobalSection
EndGlobal
